
Microsoft Visual Studio Solution File, Format Version 12.00
# Visual Studio Version 16
VisualStudioVersion = 16.0.30611.23
MinimumVisualStudioVersion = 10.0.40219.1
Project("{FAE04EC0-301F-11D3-BF4B-00C04F79EFBC}") = "TestWebDriver", "TestWebDriver\TestWebDriver.csproj", "{FF99A43A-D71F-49FC-8A07-9E85EB842434}"
EndProject
Global
	GlobalSection(SolutionConfigurationPlatforms) = preSolution
		Debug|Any CPU = Debug|Any CPU
		Release|Any CPU = Release|Any CPU
	EndGlobalSection
	GlobalSection(ProjectConfigurationPlatforms) = postSolution
		{FF99A43A-D71F-49FC-8A07-9E85EB842434}.Debug|Any CPU.ActiveCfg = Debug|Any CPU
		{FF99A43A-D71F-49FC-8A07-9E85EB842434}.Debug|Any CPU.Build.0 = Debug|Any CPU
		{FF99A43A-D71F-49FC-8A07-9E85EB842434}.Release|Any CPU.ActiveCfg = Release|Any CPU
		{FF99A43A-D71F-49FC-8A07-9E85EB842434}.Release|Any CPU.Build.0 = Release|Any CPU
	EndGlobalSection
	GlobalSection(SolutionProperties) = preSolution
		HideSolutionNode = FALSE
	EndGlobalSection
	GlobalSection(ExtensibilityGlobals) = postSolution
		SolutionGuid = {2A21AA7B-C948-4A31-8671-2638F033A992}
	EndGlobalSection
EndGlobal
